# This file is automatically @generated by Cargo.
# It is not intended for manual editing.
version = 3

[[package]]
name = "Adapter"
version = "0.1.0"

[[package]]
name = "Observer"
version = "0.1.0"

[[package]]
name = "Strategy"
version = "0.1.0"

[[package]]
name = "Template"
version = "0.1.0"

[[package]]
name = "iterator"
version = "0.1.0"

[[package]]
name = "main"
version = "0.1.0"
dependencies = [
 "Adapter",
]
